// !$*UTF8*$!
{
	archiveVersion = 1;
	classes = {
	};
	objectVersion = 55;
	objects = {

/* Begin PBXBuildFile section */
		5F7A25D7286360E4009F2819 /* BuyButtonStyle.swift in Sources */ = {isa = PBXBuildFile; fileRef = 5F7A25D6286360E4009F2819 /* BuyButtonStyle.swift */; };
		5F7A25D9286365EE009F2819 /* MyToriesView.swift in Sources */ = {isa = PBXBuildFile; fileRef = 5F7A25D8286365EE009F2819 /* MyToriesView.swift */; };
		5FC5D23A286441CA004FA1F4 /* ProductDetailView.swift in Sources */ = {isa = PBXBuildFile; fileRef = 5FC5D239286441CA004FA1F4 /* ProductDetailView.swift */; };
		5FC5D23E286455AC004FA1F4 /* ExtraSupplyView.swift in Sources */ = {isa = PBXBuildFile; fileRef = 5FC5D23D286455AC004FA1F4 /* ExtraSupplyView.swift */; };
		5FC5D240286492DA004FA1F4 /* ExtraStoreView.swift in Sources */ = {isa = PBXBuildFile; fileRef = 5FC5D23F286492DA004FA1F4 /* ExtraStoreView.swift */; };
		5FC5D2422864955D004FA1F4 /*  ExtraProductView.swift in Sources */ = {isa = PBXBuildFile; fileRef = 5FC5D2412864955D004FA1F4 /*  ExtraProductView.swift */; };
		5FF9DB8C2861CA7C001DC131 /* WhoLovesToriApp.swift in Sources */ = {isa = PBXBuildFile; fileRef = 5FF9DB8B2861CA7C001DC131 /* WhoLovesToriApp.swift */; };
		5FF9DB8E2861CA7C001DC131 /* ContentView.swift in Sources */ = {isa = PBXBuildFile; fileRef = 5FF9DB8D2861CA7C001DC131 /* ContentView.swift */; };
		5FF9DB902861CA7F001DC131 /* Assets.xcassets in Resources */ = {isa = PBXBuildFile; fileRef = 5FF9DB8F2861CA7F001DC131 /* Assets.xcassets */; };
		5FF9DB932861CA7F001DC131 /* Preview Assets.xcassets in Resources */ = {isa = PBXBuildFile; fileRef = 5FF9DB922861CA7F001DC131 /* Preview Assets.xcassets */; };
		5FF9DB9C2861CB10001DC131 /* Store.swift in Sources */ = {isa = PBXBuildFile; fileRef = 5FF9DB9B2861CB10001DC131 /* Store.swift */; };
		5FF9DBA028621F46001DC131 /* StoreView.swift in Sources */ = {isa = PBXBuildFile; fileRef = 5FF9DB9F28621F46001DC131 /* StoreView.swift */; };
		5FF9DBA22862274B001DC131 /* ListCellView.swift in Sources */ = {isa = PBXBuildFile; fileRef = 5FF9DBA12862274B001DC131 /* ListCellView.swift */; };
/* End PBXBuildFile section */

/* Begin PBXFileReference section */
		5F7A25D6286360E4009F2819 /* BuyButtonStyle.swift */ = {isa = PBXFileReference; lastKnownFileType = sourcecode.swift; path = BuyButtonStyle.swift; sourceTree = "<group>"; };
		5F7A25D8286365EE009F2819 /* MyToriesView.swift */ = {isa = PBXFileReference; lastKnownFileType = sourcecode.swift; path = MyToriesView.swift; sourceTree = "<group>"; };
		5FC5D239286441CA004FA1F4 /* ProductDetailView.swift */ = {isa = PBXFileReference; lastKnownFileType = sourcecode.swift; path = ProductDetailView.swift; sourceTree = "<group>"; };
		5FC5D23D286455AC004FA1F4 /* ExtraSupplyView.swift */ = {isa = PBXFileReference; lastKnownFileType = sourcecode.swift; path = ExtraSupplyView.swift; sourceTree = "<group>"; };
		5FC5D23F286492DA004FA1F4 /* ExtraStoreView.swift */ = {isa = PBXFileReference; lastKnownFileType = sourcecode.swift; path = ExtraStoreView.swift; sourceTree = "<group>"; };
		5FC5D2412864955D004FA1F4 /*  ExtraProductView.swift */ = {isa = PBXFileReference; lastKnownFileType = sourcecode.swift; path = " ExtraProductView.swift"; sourceTree = "<group>"; };
		5FF9DB882861CA7C001DC131 /* WhoLovesTori.app */ = {isa = PBXFileReference; explicitFileType = wrapper.application; includeInIndex = 0; path = WhoLovesTori.app; sourceTree = BUILT_PRODUCTS_DIR; };
		5FF9DB8B2861CA7C001DC131 /* WhoLovesToriApp.swift */ = {isa = PBXFileReference; lastKnownFileType = sourcecode.swift; path = WhoLovesToriApp.swift; sourceTree = "<group>"; };
		5FF9DB8D2861CA7C001DC131 /* ContentView.swift */ = {isa = PBXFileReference; lastKnownFileType = sourcecode.swift; path = ContentView.swift; sourceTree = "<group>"; };
		5FF9DB8F2861CA7F001DC131 /* Assets.xcassets */ = {isa = PBXFileReference; lastKnownFileType = folder.assetcatalog; path = Assets.xcassets; sourceTree = "<group>"; };
		5FF9DB922861CA7F001DC131 /* Preview Assets.xcassets */ = {isa = PBXFileReference; lastKnownFileType = folder.assetcatalog; path = "Preview Assets.xcassets"; sourceTree = "<group>"; };
		5FF9DB9B2861CB10001DC131 /* Store.swift */ = {isa = PBXFileReference; lastKnownFileType = sourcecode.swift; path = Store.swift; sourceTree = "<group>"; };
		5FF9DB9F28621F46001DC131 /* StoreView.swift */ = {isa = PBXFileReference; lastKnownFileType = sourcecode.swift; path = StoreView.swift; sourceTree = "<group>"; };
		5FF9DBA12862274B001DC131 /* ListCellView.swift */ = {isa = PBXFileReference; lastKnownFileType = sourcecode.swift; path = ListCellView.swift; sourceTree = "<group>"; };
/* End PBXFileReference section */

/* Begin PBXFrameworksBuildPhase section */
		5FF9DB852861CA7C001DC131 /* Frameworks */ = {
			isa = PBXFrameworksBuildPhase;
			buildActionMask = 2147483647;
			files = (
			);
			runOnlyForDeploymentPostprocessing = 0;
		};
/* End PBXFrameworksBuildPhase section */

/* Begin PBXGroup section */
		5FF9DB7F2861CA7C001DC131 = {
			isa = PBXGroup;
			children = (
				5FF9DB8A2861CA7C001DC131 /* WhoLovesTori */,
				5FF9DB892861CA7C001DC131 /* Products */,
			);
			sourceTree = "<group>";
		};
		5FF9DB892861CA7C001DC131 /* Products */ = {
			isa = PBXGroup;
			children = (
				5FF9DB882861CA7C001DC131 /* WhoLovesTori.app */,
			);
			name = Products;
			sourceTree = "<group>";
		};
		5FF9DB8A2861CA7C001DC131 /* WhoLovesTori */ = {
			isa = PBXGroup;
			children = (
				5FF9DB8B2861CA7C001DC131 /* WhoLovesToriApp.swift */,
				5FF9DB9B2861CB10001DC131 /* Store.swift */,
				5FF9DB8D2861CA7C001DC131 /* ContentView.swift */,
				5FF9DB9F28621F46001DC131 /* StoreView.swift */,
				5FF9DBA12862274B001DC131 /* ListCellView.swift */,
				5F7A25D8286365EE009F2819 /* MyToriesView.swift */,
				5FC5D239286441CA004FA1F4 /* ProductDetailView.swift */,
				5FC5D23F286492DA004FA1F4 /* ExtraStoreView.swift */,
				5FC5D2412864955D004FA1F4 /*  ExtraProductView.swift */,
				5FC5D23D286455AC004FA1F4 /* ExtraSupplyView.swift */,
				5F7A25D6286360E4009F2819 /* BuyButtonStyle.swift */,
				5FF9DB8F2861CA7F001DC131 /* Assets.xcassets */,
				5FF9DB912861CA7F001DC131 /* Preview Content */,
			);
			path = WhoLovesTori;
			sourceTree = "<group>";
		};
		5FF9DB912861CA7F001DC131 /* Preview Content */ = {
			isa = PBXGroup;
			children = (
				5FF9DB922861CA7F001DC131 /* Preview Assets.xcassets */,
			);
			path = "Preview Content";
			sourceTree = "<group>";
		};
/* End PBXGroup section */

/* Begin PBXNativeTarget section */
		5FF9DB872861CA7C001DC131 /* WhoLovesTori */ = {
			isa = PBXNativeTarget;
			buildConfigurationList = 5FF9DB962861CA7F001DC131 /* Build configuration list for PBXNativeTarget "WhoLovesTori" */;
			buildPhases = (
				5FF9DB842861CA7C001DC131 /* Sources */,
				5FF9DB852861CA7C001DC131 /* Frameworks */,
				5FF9DB862861CA7C001DC131 /* Resources */,
			);
			buildRules = (
			);
			dependencies = (
			);
			name = WhoLovesTori;
			productName = WhoLovesTori;
			productReference = 5FF9DB882861CA7C001DC131 /* WhoLovesTori.app */;
			productType = "com.apple.product-type.application";
		};
/* End PBXNativeTarget section */

/* Begin PBXProject section */
		5FF9DB802861CA7C001DC131 /* Project object */ = {
			isa = PBXProject;
			attributes = {
				BuildIndependentTargetsInParallel = 1;
				LastSwiftUpdateCheck = 1340;
				LastUpgradeCheck = 1340;
				TargetAttributes = {
					5FF9DB872861CA7C001DC131 = {
						CreatedOnToolsVersion = 13.4.1;
					};
				};
			};
			buildConfigurationList = 5FF9DB832861CA7C001DC131 /* Build configuration list for PBXProject "WhoLovesTori" */;
			compatibilityVersion = "Xcode 13.0";
			developmentRegion = en;
			hasScannedForEncodings = 0;
			knownRegions = (
				en,
				Base,
			);
			mainGroup = 5FF9DB7F2861CA7C001DC131;
			productRefGroup = 5FF9DB892861CA7C001DC131 /* Products */;
			projectDirPath = "";
			projectRoot = "";
			targets = (
				5FF9DB872861CA7C001DC131 /* WhoLovesTori */,
			);
		};
/* End PBXProject section */

/* Begin PBXResourcesBuildPhase section */
		5FF9DB862861CA7C001DC131 /* Resources */ = {
			isa = PBXResourcesBuildPhase;
			buildActionMask = 2147483647;
			files = (
				5FF9DB932861CA7F001DC131 /* Preview Assets.xcassets in Resources */,
				5FF9DB902861CA7F001DC131 /* Assets.xcassets in Resources */,
			);
			runOnlyForDeploymentPostprocessing = 0;
		};
/* End PBXResourcesBuildPhase section */

/* Begin PBXSourcesBuildPhase section */
		5FF9DB842861CA7C001DC131 /* Sources */ = {
			isa = PBXSourcesBuildPhase;
			buildActionMask = 2147483647;
			files = (
				5F7A25D7286360E4009F2819 /* BuyButtonStyle.swift in Sources */,
				5FC5D23A286441CA004FA1F4 /* ProductDetailView.swift in Sources */,
				5FF9DB9C2861CB10001DC131 /* Store.swift in Sources */,
				5FC5D240286492DA004FA1F4 /* ExtraStoreView.swift in Sources */,
				5FC5D2422864955D004FA1F4 /*  ExtraProductView.swift in Sources */,
				5FC5D23E286455AC004FA1F4 /* ExtraSupplyView.swift in Sources */,
				5F7A25D9286365EE009F2819 /* MyToriesView.swift in Sources */,
				5FF9DB8E2861CA7C001DC131 /* ContentView.swift in Sources */,
				5FF9DBA028621F46001DC131 /* StoreView.swift in Sources */,
				5FF9DB8C2861CA7C001DC131 /* WhoLovesToriApp.swift in Sources */,
				5FF9DBA22862274B001DC131 /* ListCellView.swift in Sources */,
			);
			runOnlyForDeploymentPostprocessing = 0;
		};
/* End PBXSourcesBuildPhase section */

/* Begin XCBuildConfiguration section */
		5FF9DB942861CA7F001DC131 /* Debug */ = {
			isa = XCBuildConfiguration;
			buildSettings = {
				ALWAYS_SEARCH_USER_PATHS = NO;
				CLANG_ANALYZER_NONNULL = YES;
				CLANG_ANALYZER_NUMBER_OBJECT_CONVERSION = YES_AGGRESSIVE;
				CLANG_CXX_LANGUAGE_STANDARD = "gnu++17";
				CLANG_ENABLE_MODULES = YES;
				CLANG_ENABLE_OBJC_ARC = YES;
				CLANG_ENABLE_OBJC_WEAK = YES;
				CLANG_WARN_BLOCK_CAPTURE_AUTORELEASING = YES;
				CLANG_WARN_BOOL_CONVERSION = YES;
				CLANG_WARN_COMMA = YES;
				CLANG_WARN_CONSTANT_CONVERSION = YES;
				CLANG_WARN_DEPRECATED_OBJC_IMPLEMENTATIONS = YES;
				CLANG_WARN_DIRECT_OBJC_ISA_USAGE = YES_ERROR;
				CLANG_WARN_DOCUMENTATION_COMMENTS = YES;
				CLANG_WARN_EMPTY_BODY = YES;
				CLANG_WARN_ENUM_CONVERSION = YES;
				CLANG_WARN_INFINITE_RECURSION = YES;
				CLANG_WARN_INT_CONVERSION = YES;
				CLANG_WARN_NON_LITERAL_NULL_CONVERSION = YES;
				CLANG_WARN_OBJC_IMPLICIT_RETAIN_SELF = YES;
				CLANG_WARN_OBJC_LITERAL_CONVERSION = YES;
				CLANG_WARN_OBJC_ROOT_CLASS = YES_ERROR;
				CLANG_WARN_QUOTED_INCLUDE_IN_FRAMEWORK_HEADER = YES;
				CLANG_WARN_RANGE_LOOP_ANALYSIS = YES;
				CLANG_WARN_STRICT_PROTOTYPES = YES;
				CLANG_WARN_SUSPICIOUS_MOVE = YES;
				CLANG_WARN_UNGUARDED_AVAILABILITY = YES_AGGRESSIVE;
				CLANG_WARN_UNREACHABLE_CODE = YES;
				CLANG_WARN__DUPLICATE_METHOD_MATCH = YES;
				COPY_PHASE_STRIP = NO;
				DEBUG_INFORMATION_FORMAT = dwarf;
				ENABLE_STRICT_OBJC_MSGSEND = YES;
				ENABLE_TESTABILITY = YES;
				GCC_C_LANGUAGE_STANDARD = gnu11;
				GCC_DYNAMIC_NO_PIC = NO;
				GCC_NO_COMMON_BLOCKS = YES;
				GCC_OPTIMIZATION_LEVEL = 0;
				GCC_PREPROCESSOR_DEFINITIONS = (
					"DEBUG=1",
					"$(inherited)",
				);
				GCC_WARN_64_TO_32_BIT_CONVERSION = YES;
				GCC_WARN_ABOUT_RETURN_TYPE = YES_ERROR;
				GCC_WARN_UNDECLARED_SELECTOR = YES;
				GCC_WARN_UNINITIALIZED_AUTOS = YES_AGGRESSIVE;
				GCC_WARN_UNUSED_FUNCTION = YES;
				GCC_WARN_UNUSED_VARIABLE = YES;
				IPHONEOS_DEPLOYMENT_TARGET = 15.5;
				MTL_ENABLE_DEBUG_INFO = INCLUDE_SOURCE;
				MTL_FAST_MATH = YES;
				ONLY_ACTIVE_ARCH = YES;
				SDKROOT = iphoneos;
				SWIFT_ACTIVE_COMPILATION_CONDITIONS = DEBUG;
				SWIFT_OPTIMIZATION_LEVEL = "-Onone";
			};
			name = Debug;
		};
		5FF9DB952861CA7F001DC131 /* Release */ = {
			isa = XCBuildConfiguration;
			buildSettings = {
				ALWAYS_SEARCH_USER_PATHS = NO;
				CLANG_ANALYZER_NONNULL = YES;
				CLANG_ANALYZER_NUMBER_OBJECT_CONVERSION = YES_AGGRESSIVE;
				CLANG_CXX_LANGUAGE_STANDARD = "gnu++17";
				CLANG_ENABLE_MODULES = YES;
				CLANG_ENABLE_OBJC_ARC = YES;
				CLANG_ENABLE_OBJC_WEAK = YES;
				CLANG_WARN_BLOCK_CAPTURE_AUTORELEASING = YES;
				CLANG_WARN_BOOL_CONVERSION = YES;
				CLANG_WARN_COMMA = YES;
				CLANG_WARN_CONSTANT_CONVERSION = YES;
				CLANG_WARN_DEPRECATED_OBJC_IMPLEMENTATIONS = YES;
				CLANG_WARN_DIRECT_OBJC_ISA_USAGE = YES_ERROR;
				CLANG_WARN_DOCUMENTATION_COMMENTS = YES;
				CLANG_WARN_EMPTY_BODY = YES;
				CLANG_WARN_ENUM_CONVERSION = YES;
				CLANG_WARN_INFINITE_RECURSION = YES;
				CLANG_WARN_INT_CONVERSION = YES;
				CLANG_WARN_NON_LITERAL_NULL_CONVERSION = YES;
				CLANG_WARN_OBJC_IMPLICIT_RETAIN_SELF = YES;
				CLANG_WARN_OBJC_LITERAL_CONVERSION = YES;
				CLANG_WARN_OBJC_ROOT_CLASS = YES_ERROR;
				CLANG_WARN_QUOTED_INCLUDE_IN_FRAMEWORK_HEADER = YES;
				CLANG_WARN_RANGE_LOOP_ANALYSIS = YES;
				CLANG_WARN_STRICT_PROTOTYPES = YES;
				CLANG_WARN_SUSPICIOUS_MOVE = YES;
				CLANG_WARN_UNGUARDED_AVAILABILITY = YES_AGGRESSIVE;
				CLANG_WARN_UNREACHABLE_CODE = YES;
				CLANG_WARN__DUPLICATE_METHOD_MATCH = YES;
				COPY_PHASE_STRIP = NO;
				DEBUG_INFORMATION_FORMAT = "dwarf-with-dsym";
				ENABLE_NS_ASSERTIONS = NO;
				ENABLE_STRICT_OBJC_MSGSEND = YES;
				GCC_C_LANGUAGE_STANDARD = gnu11;
				GCC_NO_COMMON_BLOCKS = YES;
				GCC_WARN_64_TO_32_BIT_CONVERSION = YES;
				GCC_WARN_ABOUT_RETURN_TYPE = YES_ERROR;
				GCC_WARN_UNDECLARED_SELECTOR = YES;
				GCC_WARN_UNINITIALIZED_AUTOS = YES_AGGRESSIVE;
				GCC_WARN_UNUSED_FUNCTION = YES;
				GCC_WARN_UNUSED_VARIABLE = YES;
				IPHONEOS_DEPLOYMENT_TARGET = 15.5;
				MTL_ENABLE_DEBUG_INFO = NO;
				MTL_FAST_MATH = YES;
				SDKROOT = iphoneos;
				SWIFT_COMPILATION_MODE = wholemodule;
				SWIFT_OPTIMIZATION_LEVEL = "-O";
				VALIDATE_PRODUCT = YES;
			};
			name = Release;
		};
		5FF9DB972861CA7F001DC131 /* Debug */ = {
			isa = XCBuildConfiguration;
			buildSettings = {
				ASSETCATALOG_COMPILER_APPICON_NAME = AppIcon;
				ASSETCATALOG_COMPILER_GLOBAL_ACCENT_COLOR_NAME = AccentColor;
				CODE_SIGN_STYLE = Automatic;
				CURRENT_PROJECT_VERSION = 1;
				DEVELOPMENT_ASSET_PATHS = "\"WhoLovesTori/Preview Content\"";
				DEVELOPMENT_TEAM = B4BTF394JA;
				ENABLE_PREVIEWS = YES;
				GENERATE_INFOPLIST_FILE = YES;
				INFOPLIST_KEY_UIApplicationSceneManifest_Generation = YES;
				INFOPLIST_KEY_UIApplicationSupportsIndirectInputEvents = YES;
				INFOPLIST_KEY_UILaunchScreen_Generation = YES;
				INFOPLIST_KEY_UISupportedInterfaceOrientations_iPad = "UIInterfaceOrientationPortrait UIInterfaceOrientationPortraitUpsideDown UIInterfaceOrientationLandscapeLeft UIInterfaceOrientationLandscapeRight";
				INFOPLIST_KEY_UISupportedInterfaceOrientations_iPhone = "UIInterfaceOrientationPortrait UIInterfaceOrientationLandscapeLeft UIInterfaceOrientationLandscapeRight";
				LD_RUNPATH_SEARCH_PATHS = (
					"$(inherited)",
					"@executable_path/Frameworks",
				);
				MARKETING_VERSION = 1.0;
				PRODUCT_BUNDLE_IDENTIFIER = com.torinunna.WhoLovesTori;
				PRODUCT_NAME = "$(TARGET_NAME)";
				SWIFT_EMIT_LOC_STRINGS = YES;
				SWIFT_VERSION = 5.0;
				TARGETED_DEVICE_FAMILY = "1,2";
			};
			name = Debug;
		};
		5FF9DB982861CA7F001DC131 /* Release */ = {
			isa = XCBuildConfiguration;
			buildSettings = {
				ASSETCATALOG_COMPILER_APPICON_NAME = AppIcon;
				ASSETCATALOG_COMPILER_GLOBAL_ACCENT_COLOR_NAME = AccentColor;
				CODE_SIGN_STYLE = Automatic;
				CURRENT_PROJECT_VERSION = 1;
				DEVELOPMENT_ASSET_PATHS = "\"WhoLovesTori/Preview Content\"";
				DEVELOPMENT_TEAM = B4BTF394JA;
				ENABLE_PREVIEWS = YES;
				GENERATE_INFOPLIST_FILE = YES;
				INFOPLIST_KEY_UIApplicationSceneManifest_Generation = YES;
				INFOPLIST_KEY_UIApplicationSupportsIndirectInputEvents = YES;
				INFOPLIST_KEY_UILaunchScreen_Generation = YES;
				INFOPLIST_KEY_UISupportedInterfaceOrientations_iPad = "UIInterfaceOrientationPortrait UIInterfaceOrientationPortraitUpsideDown UIInterfaceOrientationLandscapeLeft UIInterfaceOrientationLandscapeRight";
				INFOPLIST_KEY_UISupportedInterfaceOrientations_iPhone = "UIInterfaceOrientationPortrait UIInterfaceOrientationLandscapeLeft UIInterfaceOrientationLandscapeRight";
				LD_RUNPATH_SEARCH_PATHS = (
					"$(inherited)",
					"@executable_path/Frameworks",
				);
				MARKETING_VERSION = 1.0;
				PRODUCT_BUNDLE_IDENTIFIER = com.torinunna.WhoLovesTori;
				PRODUCT_NAME = "$(TARGET_NAME)";
				SWIFT_EMIT_LOC_STRINGS = YES;
				SWIFT_VERSION = 5.0;
				TARGETED_DEVICE_FAMILY = "1,2";
			};
			name = Release;
		};
/* End XCBuildConfiguration section */

/* Begin XCConfigurationList section */
		5FF9DB832861CA7C001DC131 /* Build configuration list for PBXProject "WhoLovesTori" */ = {
			isa = XCConfigurationList;
			buildConfigurations = (
				5FF9DB942861CA7F001DC131 /* Debug */,
				5FF9DB952861CA7F001DC131 /* Release */,
			);
			defaultConfigurationIsVisible = 0;
			defaultConfigurationName = Release;
		};
		5FF9DB962861CA7F001DC131 /* Build configuration list for PBXNativeTarget "WhoLovesTori" */ = {
			isa = XCConfigurationList;
			buildConfigurations = (
				5FF9DB972861CA7F001DC131 /* Debug */,
				5FF9DB982861CA7F001DC131 /* Release */,
			);
			defaultConfigurationIsVisible = 0;
			defaultConfigurationName = Release;
		};
/* End XCConfigurationList section */
	};
	rootObject = 5FF9DB802861CA7C001DC131 /* Project object */;
}
